
Microsoft Visual Studio Solution File, Format Version 12.00
# Visual Studio Version 16
VisualStudioVersion = 16.0.32106.194
MinimumVisualStudioVersion = 10.0.40219.1
Project("{F184B08F-C81C-45F6-A57F-5ABD9991F28F}") = "APP_U2", "APP_U2\APP_U2.vbproj", "{AC895520-2555-4F54-8CAC-613F8BF75E58}"
EndProject
Global
	GlobalSection(SolutionConfigurationPlatforms) = preSolution
		Debug|Any CPU = Debug|Any CPU
		Release|Any CPU = Release|Any CPU
	EndGlobalSection
	GlobalSection(ProjectConfigurationPlatforms) = postSolution
		{AC895520-2555-4F54-8CAC-613F8BF75E58}.Debug|Any CPU.ActiveCfg = Debug|Any CPU
		{AC895520-2555-4F54-8CAC-613F8BF75E58}.Debug|Any CPU.Build.0 = Debug|Any CPU
		{AC895520-2555-4F54-8CAC-613F8BF75E58}.Release|Any CPU.ActiveCfg = Release|Any CPU
		{AC895520-2555-4F54-8CAC-613F8BF75E58}.Release|Any CPU.Build.0 = Release|Any CPU
	EndGlobalSection
	GlobalSection(SolutionProperties) = preSolution
		HideSolutionNode = FALSE
	EndGlobalSection
	GlobalSection(ExtensibilityGlobals) = postSolution
		SolutionGuid = {7DEC1ADD-2621-4106-B634-9F29A35202F9}
	EndGlobalSection
EndGlobal
