
Microsoft Visual Studio Solution File, Format Version 12.00
# Visual Studio Version 16
VisualStudioVersion = 16.0.32106.194
MinimumVisualStudioVersion = 10.0.40219.1
Project("{F184B08F-C81C-45F6-A57F-5ABD9991F28F}") = "AppSocio", "AppSocio\AppSocio.vbproj", "{9CEBD2FB-C622-4B25-A8D1-F045A77ACD6B}"
EndProject
Global
	GlobalSection(SolutionConfigurationPlatforms) = preSolution
		Debug|Any CPU = Debug|Any CPU
		Release|Any CPU = Release|Any CPU
	EndGlobalSection
	GlobalSection(ProjectConfigurationPlatforms) = postSolution
		{9CEBD2FB-C622-4B25-A8D1-F045A77ACD6B}.Debug|Any CPU.ActiveCfg = Debug|Any CPU
		{9CEBD2FB-C622-4B25-A8D1-F045A77ACD6B}.Debug|Any CPU.Build.0 = Debug|Any CPU
		{9CEBD2FB-C622-4B25-A8D1-F045A77ACD6B}.Release|Any CPU.ActiveCfg = Release|Any CPU
		{9CEBD2FB-C622-4B25-A8D1-F045A77ACD6B}.Release|Any CPU.Build.0 = Release|Any CPU
	EndGlobalSection
	GlobalSection(SolutionProperties) = preSolution
		HideSolutionNode = FALSE
	EndGlobalSection
	GlobalSection(ExtensibilityGlobals) = postSolution
		SolutionGuid = {59111EA7-1041-4378-9155-B43C55DE7D7B}
	EndGlobalSection
EndGlobal
